{
  "requires": true,
  "lockfileVersion": 1,
  "dependencies": {
    "gitbook-plugin-analytics": {
      "version": "0.2.1",
      "resolved": "https://registry.npmjs.org/gitbook-plugin-analytics/-/gitbook-plugin-analytics-0.2.1.tgz",
      "integrity": "sha1-JyBWoDx+21qACGCzGOKea83CJSI="
    },
    "gitbook-plugin-hints": {
      "version": "1.0.2",
      "resolved": "https://registry.npmjs.org/gitbook-plugin-hints/-/gitbook-plugin-hints-1.0.2.tgz",
      "integrity": "sha1-5liZg+PqhHSfFtxjHigvr9Rew5s="
    }
  }
}
